
Microsoft Visual Studio Solution File, Format Version 11.00
# Visual C++ Express 2010
Project("{8BC9CEB8-8B4A-11D0-8D11-00A0C91BC942}") = "D3D9SimpleTeapotK", "D3D9SimpleTeapotK.vcxproj", "{B1244811-4949-4500-0905-3E15F9EEBCBE}"
EndProject
Global
	GlobalSection(SolutionConfigurationPlatforms) = preSolution
		Debug|Win32 = Debug|Win32
		Release|Win32 = Release|Win32
	EndGlobalSection
	GlobalSection(ProjectConfigurationPlatforms) = postSolution
		{B1244811-4949-4500-0905-3E15F9EEBCBE}.Debug|Win32.ActiveCfg = Debug|Win32
		{B1244811-4949-4500-0905-3E15F9EEBCBE}.Debug|Win32.Build.0 = Debug|Win32
		{B1244811-4949-4500-0905-3E15F9EEBCBE}.Release|Win32.ActiveCfg = Release|Win32
		{B1244811-4949-4500-0905-3E15F9EEBCBE}.Release|Win32.Build.0 = Release|Win32
	EndGlobalSection
	GlobalSection(SolutionProperties) = preSolution
		HideSolutionNode = FALSE
	EndGlobalSection
EndGlobal
